
Microsoft Visual Studio Solution File, Format Version 12.00
# Visual Studio Version 16
VisualStudioVersion = 16.0.31129.286
MinimumVisualStudioVersion = 10.0.40219.1
Project("{FAE04EC0-301F-11D3-BF4B-00C04F79EFBC}") = "CreditCardsAPI", "CreditCardsAPI\CreditCardsAPI.csproj", "{C78F17D9-D678-4DD2-9B56-C2A43A049667}"
EndProject
Global
	GlobalSection(SolutionConfigurationPlatforms) = preSolution
		Debug|Any CPU = Debug|Any CPU
		Release|Any CPU = Release|Any CPU
	EndGlobalSection
	GlobalSection(ProjectConfigurationPlatforms) = postSolution
		{C78F17D9-D678-4DD2-9B56-C2A43A049667}.Debug|Any CPU.ActiveCfg = Debug|Any CPU
		{C78F17D9-D678-4DD2-9B56-C2A43A049667}.Debug|Any CPU.Build.0 = Debug|Any CPU
		{C78F17D9-D678-4DD2-9B56-C2A43A049667}.Release|Any CPU.ActiveCfg = Release|Any CPU
		{C78F17D9-D678-4DD2-9B56-C2A43A049667}.Release|Any CPU.Build.0 = Release|Any CPU
	EndGlobalSection
	GlobalSection(SolutionProperties) = preSolution
		HideSolutionNode = FALSE
	EndGlobalSection
	GlobalSection(ExtensibilityGlobals) = postSolution
		SolutionGuid = {A50A581F-A263-4A35-AB03-37C171D463F2}
	EndGlobalSection
EndGlobal
